// !$*UTF8*$!
{
	archiveVersion = 1;
	classes = {
	};
	objectVersion = 46;
	objects = {

/* Begin PBXBuildFile section */
		21FA32B61DE51D7A0088590D /* AppDelegate.swift in Sources */ = {isa = PBXBuildFile; fileRef = 21FA32B51DE51D7A0088590D /* AppDelegate.swift */; };
		21FA32B81DE51D7A0088590D /* ViewController.swift in Sources */ = {isa = PBXBuildFile; fileRef = 21FA32B71DE51D7A0088590D /* ViewController.swift */; };
		21FA32BB1DE51D7A0088590D /* Main.storyboard in Resources */ = {isa = PBXBuildFile; fileRef = 21FA32B91DE51D7A0088590D /* Main.storyboard */; };
		21FA32BE1DE51D7A0088590D /* GitProject.xcdatamodeld in Sources */ = {isa = PBXBuildFile; fileRef = 21FA32BC1DE51D7A0088590D /* GitProject.xcdatamodeld */; };
		21FA32C01DE51D7A0088590D /* Assets.xcassets in Resources */ = {isa = PBXBuildFile; fileRef = 21FA32BF1DE51D7A0088590D /* Assets.xcassets */; };
		21FA32C31DE51D7A0088590D /* LaunchScreen.storyboard in Resources */ = {isa = PBXBuildFile; fileRef = 21FA32C11DE51D7A0088590D /* LaunchScreen.storyboard */; };
		21FA32CE1DE51D7A0088590D /* GitProjectTests.swift in Sources */ = {isa = PBXBuildFile; fileRef = 21FA32CD1DE51D7A0088590D /* GitProjectTests.swift */; };
		21FA32D91DE51D7A0088590D /* GitProjectUITests.swift in Sources */ = {isa = PBXBuildFile; fileRef = 21FA32D81DE51D7A0088590D /* GitProjectUITests.swift */; };
/* End PBXBuildFile section */

/* Begin PBXContainerItemProxy section */
		21FA32CA1DE51D7A0088590D /* PBXContainerItemProxy */ = {
			isa = PBXContainerItemProxy;
			containerPortal = 21FA32AA1DE51D790088590D /* Project object */;
			proxyType = 1;
			remoteGlobalIDString = 21FA32B11DE51D7A0088590D;
			remoteInfo = GitProject;
		};
		21FA32D51DE51D7A0088590D /* PBXContainerItemProxy */ = {
			isa = PBXContainerItemProxy;
			containerPortal = 21FA32AA1DE51D790088590D /* Project object */;
			proxyType = 1;
			remoteGlobalIDString = 21FA32B11DE51D7A0088590D;
			remoteInfo = GitProject;
		};
/* End PBXContainerItemProxy section */

/* Begin PBXFileReference section */
		21FA32B21DE51D7A0088590D /* GitProject.app */ = {isa = PBXFileReference; explicitFileType = wrapper.application; includeInIndex = 0; path = GitProject.app; sourceTree = BUILT_PRODUCTS_DIR; };
		21FA32B51DE51D7A0088590D /* AppDelegate.swift */ = {isa = PBXFileReference; lastKnownFileType = sourcecode.swift; path = AppDelegate.swift; sourceTree = "<group>"; };
		21FA32B71DE51D7A0088590D /* ViewController.swift */ = {isa = PBXFileReference; lastKnownFileType = sourcecode.swift; path = ViewController.swift; sourceTree = "<group>"; };
		21FA32BA1DE51D7A0088590D /* Base */ = {isa = PBXFileReference; lastKnownFileType = file.storyboard; name = Base; path = Base.lproj/Main.storyboard; sourceTree = "<group>"; };
		21FA32BD1DE51D7A0088590D /* GitProject.xcdatamodel */ = {isa = PBXFileReference; lastKnownFileType = wrapper.xcdatamodel; path = GitProject.xcdatamodel; sourceTree = "<group>"; };
		21FA32BF1DE51D7A0088590D /* Assets.xcassets */ = {isa = PBXFileReference; lastKnownFileType = folder.assetcatalog; path = Assets.xcassets; sourceTree = "<group>"; };
		21FA32C21DE51D7A0088590D /* Base */ = {isa = PBXFileReference; lastKnownFileType = file.storyboard; name = Base; path = Base.lproj/LaunchScreen.storyboard; sourceTree = "<group>"; };
		21FA32C41DE51D7A0088590D /* Info.plist */ = {isa = PBXFileReference; lastKnownFileType = text.plist.xml; path = Info.plist; sourceTree = "<group>"; };
		21FA32C91DE51D7A0088590D /* GitProjectTests.xctest */ = {isa = PBXFileReference; explicitFileType = wrapper.cfbundle; includeInIndex = 0; path = GitProjectTests.xctest; sourceTree = BUILT_PRODUCTS_DIR; };
		21FA32CD1DE51D7A0088590D /* GitProjectTests.swift */ = {isa = PBXFileReference; lastKnownFileType = sourcecode.swift; path = GitProjectTests.swift; sourceTree = "<group>"; };
		21FA32CF1DE51D7A0088590D /* Info.plist */ = {isa = PBXFileReference; lastKnownFileType = text.plist.xml; path = Info.plist; sourceTree = "<group>"; };
		21FA32D41DE51D7A0088590D /* GitProjectUITests.xctest */ = {isa = PBXFileReference; explicitFileType = wrapper.cfbundle; includeInIndex = 0; path = GitProjectUITests.xctest; sourceTree = BUILT_PRODUCTS_DIR; };
		21FA32D81DE51D7A0088590D /* GitProjectUITests.swift */ = {isa = PBXFileReference; lastKnownFileType = sourcecode.swift; path = GitProjectUITests.swift; sourceTree = "<group>"; };
		21FA32DA1DE51D7A0088590D /* Info.plist */ = {isa = PBXFileReference; lastKnownFileType = text.plist.xml; path = Info.plist; sourceTree = "<group>"; };
/* End PBXFileReference section */

/* Begin PBXFrameworksBuildPhase section */
		21FA32AF1DE51D7A0088590D /* Frameworks */ = {
			isa = PBXFrameworksBuildPhase;
			buildActionMask = 2147483647;
			files = (
			);
			runOnlyForDeploymentPostprocessing = 0;
		};
		21FA32C61DE51D7A0088590D /* Frameworks */ = {
			isa = PBXFrameworksBuildPhase;
			buildActionMask = 2147483647;
			files = (
			);
			runOnlyForDeploymentPostprocessing = 0;
		};
		21FA32D11DE51D7A0088590D /* Frameworks */ = {
			isa = PBXFrameworksBuildPhase;
			buildActionMask = 2147483647;
			files = (
			);
			runOnlyForDeploymentPostprocessing = 0;
		};
/* End PBXFrameworksBuildPhase section */

/* Begin PBXGroup section */
		21FA32A91DE51D790088590D = {
			isa = PBXGroup;
			children = (
				21FA32B41DE51D7A0088590D /* GitProject */,
				21FA32CC1DE51D7A0088590D /* GitProjectTests */,
				21FA32D71DE51D7A0088590D /* GitProjectUITests */,
				21FA32B31DE51D7A0088590D /* Products */,
			);
			sourceTree = "<group>";
		};
		21FA32B31DE51D7A0088590D /* Products */ = {
			isa = PBXGroup;
			children = (
				21FA32B21DE51D7A0088590D /* GitProject.app */,
				21FA32C91DE51D7A0088590D /* GitProjectTests.xctest */,
				21FA32D41DE51D7A0088590D /* GitProjectUITests.xctest */,
			);
			name = Products;
			sourceTree = "<group>";
		};
		21FA32B41DE51D7A0088590D /* GitProject */ = {
			isa = PBXGroup;
			children = (
				21FA32B51DE51D7A0088590D /* AppDelegate.swift */,
				21FA32B71DE51D7A0088590D /* ViewController.swift */,
				21FA32B91DE51D7A0088590D /* Main.storyboard */,
				21FA32BF1DE51D7A0088590D /* Assets.xcassets */,
				21FA32C11DE51D7A0088590D /* LaunchScreen.storyboard */,
				21FA32C41DE51D7A0088590D /* Info.plist */,
				21FA32BC1DE51D7A0088590D /* GitProject.xcdatamodeld */,
			);
			path = GitProject;
			sourceTree = "<group>";
		};
		21FA32CC1DE51D7A0088590D /* GitProjectTests */ = {
			isa = PBXGroup;
			children = (
				21FA32CD1DE51D7A0088590D /* GitProjectTests.swift */,
				21FA32CF1DE51D7A0088590D /* Info.plist */,
			);
			path = GitProjectTests;
			sourceTree = "<group>";
		};
		21FA32D71DE51D7A0088590D /* GitProjectUITests */ = {
			isa = PBXGroup;
			children = (
				21FA32D81DE51D7A0088590D /* GitProjectUITests.swift */,
				21FA32DA1DE51D7A0088590D /* Info.plist */,
			);
			path = GitProjectUITests;
			sourceTree = "<group>";
		};
/* End PBXGroup section */

/* Begin PBXNativeTarget section */
		21FA32B11DE51D7A0088590D /* GitProject */ = {
			isa = PBXNativeTarget;
			buildConfigurationList = 21FA32DD1DE51D7A0088590D /* Build configuration list for PBXNativeTarget "GitProject" */;
			buildPhases = (
				21FA32AE1DE51D7A0088590D /* Sources */,
				21FA32AF1DE51D7A0088590D /* Frameworks */,
				21FA32B01DE51D7A0088590D /* Resources */,
			);
			buildRules = (
			);
			dependencies = (
			);
			name = GitProject;
			productName = GitProject;
			productReference = 21FA32B21DE51D7A0088590D /* GitProject.app */;
			productType = "com.apple.product-type.application";
		};
		21FA32C81DE51D7A0088590D /* GitProjectTests */ = {
			isa = PBXNativeTarget;
			buildConfigurationList = 21FA32E01DE51D7A0088590D /* Build configuration list for PBXNativeTarget "GitProjectTests" */;
			buildPhases = (
				21FA32C51DE51D7A0088590D /* Sources */,
				21FA32C61DE51D7A0088590D /* Frameworks */,
				21FA32C71DE51D7A0088590D /* Resources */,
			);
			buildRules = (
			);
			dependencies = (
				21FA32CB1DE51D7A0088590D /* PBXTargetDependency */,
			);
			name = GitProjectTests;
			productName = GitProjectTests;
			productReference = 21FA32C91DE51D7A0088590D /* GitProjectTests.xctest */;
			productType = "com.apple.product-type.bundle.unit-test";
		};
		21FA32D31DE51D7A0088590D /* GitProjectUITests */ = {
			isa = PBXNativeTarget;
			buildConfigurationList = 21FA32E31DE51D7A0088590D /* Build configuration list for PBXNativeTarget "GitProjectUITests" */;
			buildPhases = (
				21FA32D01DE51D7A0088590D /* Sources */,
				21FA32D11DE51D7A0088590D /* Frameworks */,
				21FA32D21DE51D7A0088590D /* Resources */,
			);
			buildRules = (
			);
			dependencies = (
				21FA32D61DE51D7A0088590D /* PBXTargetDependency */,
			);
			name = GitProjectUITests;
			productName = GitProjectUITests;
			productReference = 21FA32D41DE51D7A0088590D /* GitProjectUITests.xctest */;
			productType = "com.apple.product-type.bundle.ui-testing";
		};
/* End PBXNativeTarget section */

/* Begin PBXProject section */
		21FA32AA1DE51D790088590D /* Project object */ = {
			isa = PBXProject;
			attributes = {
				LastSwiftUpdateCheck = 0810;
				LastUpgradeCheck = 0810;
				ORGANIZATIONNAME = "Joseph Leichter";
				TargetAttributes = {
					21FA32B11DE51D7A0088590D = {
						CreatedOnToolsVersion = 8.1;
						ProvisioningStyle = Automatic;
					};
					21FA32C81DE51D7A0088590D = {
						CreatedOnToolsVersion = 8.1;
						ProvisioningStyle = Automatic;
						TestTargetID = 21FA32B11DE51D7A0088590D;
					};
					21FA32D31DE51D7A0088590D = {
						CreatedOnToolsVersion = 8.1;
						ProvisioningStyle = Automatic;
						TestTargetID = 21FA32B11DE51D7A0088590D;
					};
				};
			};
			buildConfigurationList = 21FA32AD1DE51D790088590D /* Build configuration list for PBXProject "GitProject" */;
			compatibilityVersion = "Xcode 3.2";
			developmentRegion = English;
			hasScannedForEncodings = 0;
			knownRegions = (
				en,
				Base,
			);
			mainGroup = 21FA32A91DE51D790088590D;
			productRefGroup = 21FA32B31DE51D7A0088590D /* Products */;
			projectDirPath = "";
			projectRoot = "";
			targets = (
				21FA32B11DE51D7A0088590D /* GitProject */,
				21FA32C81DE51D7A0088590D /* GitProjectTests */,
				21FA32D31DE51D7A0088590D /* GitProjectUITests */,
			);
		};
/* End PBXProject section */

/* Begin PBXResourcesBuildPhase section */
		21FA32B01DE51D7A0088590D /* Resources */ = {
			isa = PBXResourcesBuildPhase;
			buildActionMask = 2147483647;
			files = (
				21FA32C31DE51D7A0088590D /* LaunchScreen.storyboard in Resources */,
				21FA32C01DE51D7A0088590D /* Assets.xcassets in Resources */,
				21FA32BB1DE51D7A0088590D /* Main.storyboard in Resources */,
			);
			runOnlyForDeploymentPostprocessing = 0;
		};
		21FA32C71DE51D7A0088590D /* Resources */ = {
			isa = PBXResourcesBuildPhase;
			buildActionMask = 2147483647;
			files = (
			);
			runOnlyForDeploymentPostprocessing = 0;
		};
		21FA32D21DE51D7A0088590D /* Resources */ = {
			isa = PBXResourcesBuildPhase;
			buildActionMask = 2147483647;
			files = (
			);
			runOnlyForDeploymentPostprocessing = 0;
		};
/* End PBXResourcesBuildPhase section */

/* Begin PBXSourcesBuildPhase section */
		21FA32AE1DE51D7A0088590D /* Sources */ = {
			isa = PBXSourcesBuildPhase;
			buildActionMask = 2147483647;
			files = (
				21FA32B81DE51D7A0088590D /* ViewController.swift in Sources */,
				21FA32B61DE51D7A0088590D /* AppDelegate.swift in Sources */,
				21FA32BE1DE51D7A0088590D /* GitProject.xcdatamodeld in Sources */,
			);
			runOnlyForDeploymentPostprocessing = 0;
		};
		21FA32C51DE51D7A0088590D /* Sources */ = {
			isa = PBXSourcesBuildPhase;
			buildActionMask = 2147483647;
			files = (
				21FA32CE1DE51D7A0088590D /* GitProjectTests.swift in Sources */,
			);
			runOnlyForDeploymentPostprocessing = 0;
		};
		21FA32D01DE51D7A0088590D /* Sources */ = {
			isa = PBXSourcesBuildPhase;
			buildActionMask = 2147483647;
			files = (
				21FA32D91DE51D7A0088590D /* GitProjectUITests.swift in Sources */,
			);
			runOnlyForDeploymentPostprocessing = 0;
		};
/* End PBXSourcesBuildPhase section */

/* Begin PBXTargetDependency section */
		21FA32CB1DE51D7A0088590D /* PBXTargetDependency */ = {
			isa = PBXTargetDependency;
			target = 21FA32B11DE51D7A0088590D /* GitProject */;
			targetProxy = 21FA32CA1DE51D7A0088590D /* PBXContainerItemProxy */;
		};
		21FA32D61DE51D7A0088590D /* PBXTargetDependency */ = {
			isa = PBXTargetDependency;
			target = 21FA32B11DE51D7A0088590D /* GitProject */;
			targetProxy = 21FA32D51DE51D7A0088590D /* PBXContainerItemProxy */;
		};
/* End PBXTargetDependency section */

/* Begin PBXVariantGroup section */
		21FA32B91DE51D7A0088590D /* Main.storyboard */ = {
			isa = PBXVariantGroup;
			children = (
				21FA32BA1DE51D7A0088590D /* Base */,
			);
			name = Main.storyboard;
			sourceTree = "<group>";
		};
		21FA32C11DE51D7A0088590D /* LaunchScreen.storyboard */ = {
			isa = PBXVariantGroup;
			children = (
				21FA32C21DE51D7A0088590D /* Base */,
			);
			name = LaunchScreen.storyboard;
			sourceTree = "<group>";
		};
/* End PBXVariantGroup section */

/* Begin XCBuildConfiguration section */
		21FA32DB1DE51D7A0088590D /* Debug */ = {
			isa = XCBuildConfiguration;
			buildSettings = {
				ALWAYS_SEARCH_USER_PATHS = NO;
				CLANG_ANALYZER_NONNULL = YES;
				CLANG_CXX_LANGUAGE_STANDARD = "gnu++0x";
				CLANG_CXX_LIBRARY = "libc++";
				CLANG_ENABLE_MODULES = YES;
				CLANG_ENABLE_OBJC_ARC = YES;
				CLANG_WARN_BOOL_CONVERSION = YES;
				CLANG_WARN_CONSTANT_CONVERSION = YES;
				CLANG_WARN_DIRECT_OBJC_ISA_USAGE = YES_ERROR;
				CLANG_WARN_DOCUMENTATION_COMMENTS = YES;
				CLANG_WARN_EMPTY_BODY = YES;
				CLANG_WARN_ENUM_CONVERSION = YES;
				CLANG_WARN_INFINITE_RECURSION = YES;
				CLANG_WARN_INT_CONVERSION = YES;
				CLANG_WARN_OBJC_ROOT_CLASS = YES_ERROR;
				CLANG_WARN_SUSPICIOUS_MOVES = YES;
				CLANG_WARN_UNREACHABLE_CODE = YES;
				CLANG_WARN__DUPLICATE_METHOD_MATCH = YES;
				"CODE_SIGN_IDENTITY[sdk=iphoneos*]" = "iPhone Developer";
				COPY_PHASE_STRIP = NO;
				DEBUG_INFORMATION_FORMAT = dwarf;
				ENABLE_STRICT_OBJC_MSGSEND = YES;
				ENABLE_TESTABILITY = YES;
				GCC_C_LANGUAGE_STANDARD = gnu99;
				GCC_DYNAMIC_NO_PIC = NO;
				GCC_NO_COMMON_BLOCKS = YES;
				GCC_OPTIMIZATION_LEVEL = 0;
				GCC_PREPROCESSOR_DEFINITIONS = (
					"DEBUG=1",
					"$(inherited)",
				);
				GCC_WARN_64_TO_32_BIT_CONVERSION = YES;
				GCC_WARN_ABOUT_RETURN_TYPE = YES_ERROR;
				GCC_WARN_UNDECLARED_SELECTOR = YES;
				GCC_WARN_UNINITIALIZED_AUTOS = YES_AGGRESSIVE;
				GCC_WARN_UNUSED_FUNCTION = YES;
				GCC_WARN_UNUSED_VARIABLE = YES;
				IPHONEOS_DEPLOYMENT_TARGET = 10.1;
				MTL_ENABLE_DEBUG_INFO = YES;
				ONLY_ACTIVE_ARCH = YES;
				SDKROOT = iphoneos;
				SWIFT_ACTIVE_COMPILATION_CONDITIONS = DEBUG;
				SWIFT_OPTIMIZATION_LEVEL = "-Onone";
			};
			name = Debug;
		};
		21FA32DC1DE51D7A0088590D /* Release */ = {
			isa = XCBuildConfiguration;
			buildSettings = {
				ALWAYS_SEARCH_USER_PATHS = NO;
				CLANG_ANALYZER_NONNULL = YES;
				CLANG_CXX_LANGUAGE_STANDARD = "gnu++0x";
				CLANG_CXX_LIBRARY = "libc++";
				CLANG_ENABLE_MODULES = YES;
				CLANG_ENABLE_OBJC_ARC = YES;
				CLANG_WARN_BOOL_CONVERSION = YES;
				CLANG_WARN_CONSTANT_CONVERSION = YES;
				CLANG_WARN_DIRECT_OBJC_ISA_USAGE = YES_ERROR;
				CLANG_WARN_DOCUMENTATION_COMMENTS = YES;
				CLANG_WARN_EMPTY_BODY = YES;
				CLANG_WARN_ENUM_CONVERSION = YES;
				CLANG_WARN_INFINITE_RECURSION = YES;
				CLANG_WARN_INT_CONVERSION = YES;
				CLANG_WARN_OBJC_ROOT_CLASS = YES_ERROR;
				CLANG_WARN_SUSPICIOUS_MOVES = YES;
				CLANG_WARN_UNREACHABLE_CODE = YES;
				CLANG_WARN__DUPLICATE_METHOD_MATCH = YES;
				"CODE_SIGN_IDENTITY[sdk=iphoneos*]" = "iPhone Developer";
				COPY_PHASE_STRIP = NO;
				DEBUG_INFORMATION_FORMAT = "dwarf-with-dsym";
				ENABLE_NS_ASSERTIONS = NO;
				ENABLE_STRICT_OBJC_MSGSEND = YES;
				GCC_C_LANGUAGE_STANDARD = gnu99;
				GCC_NO_COMMON_BLOCKS = YES;
				GCC_WARN_64_TO_32_BIT_CONVERSION = YES;
				GCC_WARN_ABOUT_RETURN_TYPE = YES_ERROR;
				GCC_WARN_UNDECLARED_SELECTOR = YES;
				GCC_WARN_UNINITIALIZED_AUTOS = YES_AGGRESSIVE;
				GCC_WARN_UNUSED_FUNCTION = YES;
				GCC_WARN_UNUSED_VARIABLE = YES;
				IPHONEOS_DEPLOYMENT_TARGET = 10.1;
				MTL_ENABLE_DEBUG_INFO = NO;
				SDKROOT = iphoneos;
				SWIFT_OPTIMIZATION_LEVEL = "-Owholemodule";
				VALIDATE_PRODUCT = YES;
			};
			name = Release;
		};
		21FA32DE1DE51D7A0088590D /* Debug */ = {
			isa = XCBuildConfiguration;
			buildSettings = {
				ASSETCATALOG_COMPILER_APPICON_NAME = AppIcon;
				INFOPLIST_FILE = GitProject/Info.plist;
				LD_RUNPATH_SEARCH_PATHS = "$(inherited) @executable_path/Frameworks";
				PRODUCT_BUNDLE_IDENTIFIER = org.wilbourhall.GitProject;
				PRODUCT_NAME = "$(TARGET_NAME)";
				SWIFT_VERSION = 3.0;
			};
			name = Debug;
		};
		21FA32DF1DE51D7A0088590D /* Release */ = {
			isa = XCBuildConfiguration;
			buildSettings = {
				ASSETCATALOG_COMPILER_APPICON_NAME = AppIcon;
				INFOPLIST_FILE = GitProject/Info.plist;
				LD_RUNPATH_SEARCH_PATHS = "$(inherited) @executable_path/Frameworks";
				PRODUCT_BUNDLE_IDENTIFIER = org.wilbourhall.GitProject;
				PRODUCT_NAME = "$(TARGET_NAME)";
				SWIFT_VERSION = 3.0;
			};
			name = Release;
		};
		21FA32E11DE51D7A0088590D /* Debug */ = {
			isa = XCBuildConfiguration;
			buildSettings = {
				ALWAYS_EMBED_SWIFT_STANDARD_LIBRARIES = YES;
				BUNDLE_LOADER = "$(TEST_HOST)";
				INFOPLIST_FILE = GitProjectTests/Info.plist;
				LD_RUNPATH_SEARCH_PATHS = "$(inherited) @executable_path/Frameworks @loader_path/Frameworks";
				PRODUCT_BUNDLE_IDENTIFIER = org.wilbourhall.GitProjectTests;
				PRODUCT_NAME = "$(TARGET_NAME)";
				SWIFT_VERSION = 3.0;
				TEST_HOST = "$(BUILT_PRODUCTS_DIR)/GitProject.app/GitProject";
			};
			name = Debug;
		};
		21FA32E21DE51D7A0088590D /* Release */ = {
			isa = XCBuildConfiguration;
			buildSettings = {
				ALWAYS_EMBED_SWIFT_STANDARD_LIBRARIES = YES;
				BUNDLE_LOADER = "$(TEST_HOST)";
				INFOPLIST_FILE = GitProjectTests/Info.plist;
				LD_RUNPATH_SEARCH_PATHS = "$(inherited) @executable_path/Frameworks @loader_path/Frameworks";
				PRODUCT_BUNDLE_IDENTIFIER = org.wilbourhall.GitProjectTests;
				PRODUCT_NAME = "$(TARGET_NAME)";
				SWIFT_VERSION = 3.0;
				TEST_HOST = "$(BUILT_PRODUCTS_DIR)/GitProject.app/GitProject";
			};
			name = Release;
		};
		21FA32E41DE51D7A0088590D /* Debug */ = {
			isa = XCBuildConfiguration;
			buildSettings = {
				ALWAYS_EMBED_SWIFT_STANDARD_LIBRARIES = YES;
				INFOPLIST_FILE = GitProjectUITests/Info.plist;
				LD_RUNPATH_SEARCH_PATHS = "$(inherited) @executable_path/Frameworks @loader_path/Frameworks";
				PRODUCT_BUNDLE_IDENTIFIER = org.wilbourhall.GitProjectUITests;
				PRODUCT_NAME = "$(TARGET_NAME)";
				SWIFT_VERSION = 3.0;
				TEST_TARGET_NAME = GitProject;
			};
			name = Debug;
		};
		21FA32E51DE51D7A0088590D /* Release */ = {
			isa = XCBuildConfiguration;
			buildSettings = {
				ALWAYS_EMBED_SWIFT_STANDARD_LIBRARIES = YES;
				INFOPLIST_FILE = GitProjectUITests/Info.plist;
				LD_RUNPATH_SEARCH_PATHS = "$(inherited) @executable_path/Frameworks @loader_path/Frameworks";
				PRODUCT_BUNDLE_IDENTIFIER = org.wilbourhall.GitProjectUITests;
				PRODUCT_NAME = "$(TARGET_NAME)";
				SWIFT_VERSION = 3.0;
				TEST_TARGET_NAME = GitProject;
			};
			name = Release;
		};
/* End XCBuildConfiguration section */

/* Begin XCConfigurationList section */
		21FA32AD1DE51D790088590D /* Build configuration list for PBXProject "GitProject" */ = {
			isa = XCConfigurationList;
			buildConfigurations = (
				21FA32DB1DE51D7A0088590D /* Debug */,
				21FA32DC1DE51D7A0088590D /* Release */,
			);
			defaultConfigurationIsVisible = 0;
			defaultConfigurationName = Release;
		};
		21FA32DD1DE51D7A0088590D /* Build configuration list for PBXNativeTarget "GitProject" */ = {
			isa = XCConfigurationList;
			buildConfigurations = (
				21FA32DE1DE51D7A0088590D /* Debug */,
				21FA32DF1DE51D7A0088590D /* Release */,
			);
			defaultConfigurationIsVisible = 0;
		};
		21FA32E01DE51D7A0088590D /* Build configuration list for PBXNativeTarget "GitProjectTests" */ = {
			isa = XCConfigurationList;
			buildConfigurations = (
				21FA32E11DE51D7A0088590D /* Debug */,
				21FA32E21DE51D7A0088590D /* Release */,
			);
			defaultConfigurationIsVisible = 0;
		};
		21FA32E31DE51D7A0088590D /* Build configuration list for PBXNativeTarget "GitProjectUITests" */ = {
			isa = XCConfigurationList;
			buildConfigurations = (
				21FA32E41DE51D7A0088590D /* Debug */,
				21FA32E51DE51D7A0088590D /* Release */,
			);
			defaultConfigurationIsVisible = 0;
		};
/* End XCConfigurationList section */

/* Begin XCVersionGroup section */
		21FA32BC1DE51D7A0088590D /* GitProject.xcdatamodeld */ = {
			isa = XCVersionGroup;
			children = (
				21FA32BD1DE51D7A0088590D /* GitProject.xcdatamodel */,
			);
			currentVersion = 21FA32BD1DE51D7A0088590D /* GitProject.xcdatamodel */;
			path = GitProject.xcdatamodeld;
			sourceTree = "<group>";
			versionGroupType = wrapper.xcdatamodel;
		};
/* End XCVersionGroup section */
	};
	rootObject = 21FA32AA1DE51D790088590D /* Project object */;
}
